# DO NOT EDIT MANUALLY - Managed by Fern Replay
version: "1.0"
generations:
  - commit_sha: 54ca3ec1fdfe9db1128d64af80eeba11a4af0350
    tree_hash: 5190582209f9ff46b787e765783ef3c87b70fe02
    timestamp: 2026-05-20T21:33:11.455Z
    cli_version: unknown
    generator_versions: {}
  - commit_sha: 678aacf111f6f5b1b63b196d81ac10f5884e4fb3
    tree_hash: e81528a5dda494fbcfdf42be9396b841aa0fff6b
    timestamp: 2026-07-09T13:39:18.445Z
    cli_version: unknown
    generator_versions:
      fernapi/fern-java-sdk: 4.8.12
current_generation: 678aacf111f6f5b1b63b196d81ac10f5884e4fb3
patches:
  - id: patch-f4c0cbab
    content_hash: sha256:05d66db8de1d9adc9a58de0d5b6cb487160054c89cdff8134a1a6d1453b11ce7
    original_commit: f4c0cbabaf0c2148e5da4baaca553177d9ed42d6
    original_message: "chore: prepare for Fern maven publishing generation (#135)"
    original_author: Robert Greathouse <robert@basistheory.com>
    base_generation: 678aacf111f6f5b1b63b196d81ac10f5884e4fb3
    files:
      - .gitignore
    patch_content: |
      diff --git a/.gitignore b/.gitignore
      index d4199ab..b73903c 100644
      --- a/.gitignore
      +++ b/.gitignore
      @@ -21,4 +21,7 @@ generated_testSrc/
       generated/
       
       bin
      -build
      \ No newline at end of file
      +build
      +
      +# Fern's generated publish process writes signing secrets here; we don't use that flow, but ignore it so keys never get committed
      +gradle.properties
      \ No newline at end of file
    theirs_snapshot:
      .gitignore: |-
        *.class
        .project
        .gradle
        ?
        .classpath
        .checkstyle
        .settings
        .node
        build

        # IntelliJ
        *.iml
        *.ipr
        *.iws
        .idea/
        out/

        # Eclipse/IntelliJ APT
        generated_src/
        generated_testSrc/
        generated/

        bin
        build

        # Fern's generated publish process writes signing secrets here; we don't use that flow, but ignore it so keys never get committed
        gradle.properties
