# DO NOT EDIT MANUALLY - Managed by Fern Replay
version: "1.0"
generations:
  - commit_sha: 54ca3ec1fdfe9db1128d64af80eeba11a4af0350
    tree_hash: 5190582209f9ff46b787e765783ef3c87b70fe02
    timestamp: 2026-05-20T21:33:11.455Z
    cli_version: unknown
    generator_versions: {}
current_generation: 54ca3ec1fdfe9db1128d64af80eeba11a4af0350
patches: []
